
Microsoft Visual Studio Solution File, Format Version 12.00
# Visual Studio 15
VisualStudioVersion = 15.0.28307.1401
MinimumVisualStudioVersion = 10.0.40219.1
Project("{8BC9CEB8-8B4A-11D0-8D11-00A0C91BC942}") = "TP", "TP.vcxproj", "{B068B423-AC4B-4812-8C66-44EC7BBAD698}"
EndProject
Global
	GlobalSection(SolutionConfigurationPlatforms) = preSolution
		Debug|x64 = Debug|x64
		Debug|x86 = Debug|x86
		Release|x64 = Release|x64
		Release|x86 = Release|x86
	EndGlobalSection
	GlobalSection(ProjectConfigurationPlatforms) = postSolution
		{B068B423-AC4B-4812-8C66-44EC7BBAD698}.Debug|x64.ActiveCfg = Debug|x64
		{B068B423-AC4B-4812-8C66-44EC7BBAD698}.Debug|x64.Build.0 = Debug|x64
		{B068B423-AC4B-4812-8C66-44EC7BBAD698}.Debug|x86.ActiveCfg = Debug|Win32
		{B068B423-AC4B-4812-8C66-44EC7BBAD698}.Debug|x86.Build.0 = Debug|Win32
		{B068B423-AC4B-4812-8C66-44EC7BBAD698}.Release|x64.ActiveCfg = Release|x64
		{B068B423-AC4B-4812-8C66-44EC7BBAD698}.Release|x64.Build.0 = Release|x64
		{B068B423-AC4B-4812-8C66-44EC7BBAD698}.Release|x86.ActiveCfg = Release|Win32
		{B068B423-AC4B-4812-8C66-44EC7BBAD698}.Release|x86.Build.0 = Release|Win32
	EndGlobalSection
	GlobalSection(SolutionProperties) = preSolution
		HideSolutionNode = FALSE
	EndGlobalSection
	GlobalSection(ExtensibilityGlobals) = postSolution
		SolutionGuid = {A8D4F3D8-6994-44A5-884B-F9F80FB8746A}
	EndGlobalSection
EndGlobal
